
Microsoft Visual Studio Solution File, Format Version 12.00
# Visual Studio Version 17
VisualStudioVersion = 17.0.32014.148
MinimumVisualStudioVersion = 10.0.40219.1
Project("{2150E333-8FDC-42A3-9474-1A3956D46DE8}") = "Services", "Services", "{BA518A67-93AA-4C31-B538-7BEDC1CE3431}"
EndProject
Project("{2150E333-8FDC-42A3-9474-1A3956D46DE8}") = "Catalog", "Catalog", "{E94165C2-9BBF-4846-9A50-5E567BDEC07D}"
EndProject
Project("{9A19103F-16F7-4668-BE54-9A1E7A4F7556}") = "SISEcommerce.Services.Catalog", "Services\Catalog\SISEcommerce.Services.Catalog\SISEcommerce.Services.Catalog.csproj", "{5E36DE91-9117-48AC-BCFA-A1C002676A84}"
EndProject
Project("{2150E333-8FDC-42A3-9474-1A3956D46DE8}") = "Solution Items", "Solution Items", "{C8097EE6-071F-47F9-ACC0-E67E5D11C1C1}"
	ProjectSection(SolutionItems) = preProject
		Ports.txt = Ports.txt
	EndProjectSection
EndProject
Project("{2150E333-8FDC-42A3-9474-1A3956D46DE8}") = "Shared", "Shared", "{5EAC562D-3396-4497-A14E-ED0C26A9FE7C}"
EndProject
Project("{9A19103F-16F7-4668-BE54-9A1E7A4F7556}") = "SISECommerce.Shared", "Shared\SISECommerce.Shared\SISECommerce.Shared.csproj", "{9070DC93-8ADD-4E49-90DD-3EADDFAF3685}"
EndProject
Project("{2150E333-8FDC-42A3-9474-1A3956D46DE8}") = "IdentityServer", "IdentityServer", "{58A7A548-560D-4606-94CC-3C3FFC0F1855}"
EndProject
Project("{9A19103F-16F7-4668-BE54-9A1E7A4F7556}") = "SISECommerce.IdentityServer", "IdentityServer\SISECommerce.IdentityServer\SISECommerce.IdentityServer.csproj", "{C98004CC-74AC-4653-A683-DAFC8D6729CC}"
EndProject
Project("{2150E333-8FDC-42A3-9474-1A3956D46DE8}") = "PhotoStock", "PhotoStock", "{A3B87055-CADB-4777-AA00-E37ED2A3B0FC}"
EndProject
Project("{9A19103F-16F7-4668-BE54-9A1E7A4F7556}") = "SISEcommerce.Services.PhotoStock", "Services\PhotoStock\SISEcommerce.Services.PhotoStock\SISEcommerce.Services.PhotoStock.csproj", "{DDBAE5D4-8497-40E8-A094-1DB22DD67C9E}"
EndProject
Project("{2150E333-8FDC-42A3-9474-1A3956D46DE8}") = "Basket", "Basket", "{B3BDFB70-C728-4E6D-ADBC-78D54DE6A009}"
EndProject
Project("{9A19103F-16F7-4668-BE54-9A1E7A4F7556}") = "SISEcommerce.Services.Basket", "Services\Basket\SISEcommerce.Services.Basket\SISEcommerce.Services.Basket.csproj", "{41612D93-531B-4C25-A958-354632740295}"
EndProject
Project("{2150E333-8FDC-42A3-9474-1A3956D46DE8}") = "Discount", "Discount", "{9634507D-B6A5-490E-8131-27D2A53B7A05}"
EndProject
Project("{9A19103F-16F7-4668-BE54-9A1E7A4F7556}") = "SISEcommerce.Services.Discount", "Services\Discount\SISEcommerce.Services.Discount\SISEcommerce.Services.Discount.csproj", "{562159C3-4214-487F-9E30-4F06A4E8750E}"
EndProject
Project("{2150E333-8FDC-42A3-9474-1A3956D46DE8}") = "Order", "Order", "{03788BC2-6BFC-43D0-98BD-23D380F2DDFF}"
EndProject
Project("{9A19103F-16F7-4668-BE54-9A1E7A4F7556}") = "SISEcommerce.Services.Order.API", "Services\Order\SISEcommerce.Services.Order.API\SISEcommerce.Services.Order.API.csproj", "{1CBBB56E-755F-49B9-91D8-796EF601C2E4}"
EndProject
Project("{9A19103F-16F7-4668-BE54-9A1E7A4F7556}") = "SISEcommerce.Services.Order.Application", "Services\Order\SISEcommerce.Services.Order.Application\SISEcommerce.Services.Order.Application.csproj", "{A49F3757-5201-45A2-857C-07E965DA1067}"
EndProject
Project("{9A19103F-16F7-4668-BE54-9A1E7A4F7556}") = "SISEcommerce.Services.Order.Domain", "Services\Order\SISEcommerce.Services.Order.Domain\SISEcommerce.Services.Order.Domain.csproj", "{3E84D2B7-CC09-4E54-A8BF-849582765FDD}"
EndProject
Project("{9A19103F-16F7-4668-BE54-9A1E7A4F7556}") = "SISEcommerce.Services.Order.Core", "Services\Order\SISEcommerce.Services.Order.Core\SISEcommerce.Services.Order.Core.csproj", "{70E6AF67-7016-429F-BDB4-175BE4592908}"
EndProject
Project("{9A19103F-16F7-4668-BE54-9A1E7A4F7556}") = "SISEcommerce.Services.Order.Infrastructure", "Services\Order\SISEcommerce.Services.Order.Infrastructure\SISEcommerce.Services.Order.Infrastructure.csproj", "{D147E2DE-4258-4A8E-8699-E87B80CBEC39}"
EndProject
Project("{2150E333-8FDC-42A3-9474-1A3956D46DE8}") = "FakePayment", "FakePayment", "{83C113F0-974A-422B-8299-C2B962ADCF03}"
EndProject
Project("{9A19103F-16F7-4668-BE54-9A1E7A4F7556}") = "SISEcommerce.Services.FakePayment", "Services\FakePayment\SISEcommerce.Services.FakePayment\SISEcommerce.Services.FakePayment.csproj", "{F1208AB4-12D3-42FF-8EAB-DC6FCAC64CB0}"
EndProject
Project("{2150E333-8FDC-42A3-9474-1A3956D46DE8}") = "Gateways", "Gateways", "{E24615E0-A273-4837-B80E-9D36C4CA337C}"
EndProject
Project("{9A19103F-16F7-4668-BE54-9A1E7A4F7556}") = "SISEcommerce.Gateway", "Gateways\SISEcommerce.Gateway\SISEcommerce.Gateway.csproj", "{6B427A6D-6BD7-48C6-8679-65E83CF12490}"
EndProject
Project("{2150E333-8FDC-42A3-9474-1A3956D46DE8}") = "Client", "Client", "{B00A370D-9D97-4B33-B1EF-CB123C0C7297}"
EndProject
Project("{2150E333-8FDC-42A3-9474-1A3956D46DE8}") = "MVC-Core", "MVC-Core", "{4F2C0C87-1716-4621-9468-269E84A56FFB}"
EndProject
Project("{9A19103F-16F7-4668-BE54-9A1E7A4F7556}") = "SISEcommerce.Web", "Client\MVC-Core\SISEcommerce.Web\SISEcommerce.Web.csproj", "{83F8718A-7935-4EFC-B24D-87F8BAF2E00F}"
EndProject
Global
	GlobalSection(SolutionConfigurationPlatforms) = preSolution
		Debug|Any CPU = Debug|Any CPU
		Release|Any CPU = Release|Any CPU
	EndGlobalSection
	GlobalSection(ProjectConfigurationPlatforms) = postSolution
		{5E36DE91-9117-48AC-BCFA-A1C002676A84}.Debug|Any CPU.ActiveCfg = Debug|Any CPU
		{5E36DE91-9117-48AC-BCFA-A1C002676A84}.Debug|Any CPU.Build.0 = Debug|Any CPU
		{5E36DE91-9117-48AC-BCFA-A1C002676A84}.Release|Any CPU.ActiveCfg = Release|Any CPU
		{5E36DE91-9117-48AC-BCFA-A1C002676A84}.Release|Any CPU.Build.0 = Release|Any CPU
		{9070DC93-8ADD-4E49-90DD-3EADDFAF3685}.Debug|Any CPU.ActiveCfg = Debug|Any CPU
		{9070DC93-8ADD-4E49-90DD-3EADDFAF3685}.Debug|Any CPU.Build.0 = Debug|Any CPU
		{9070DC93-8ADD-4E49-90DD-3EADDFAF3685}.Release|Any CPU.ActiveCfg = Release|Any CPU
		{9070DC93-8ADD-4E49-90DD-3EADDFAF3685}.Release|Any CPU.Build.0 = Release|Any CPU
		{C98004CC-74AC-4653-A683-DAFC8D6729CC}.Debug|Any CPU.ActiveCfg = Debug|Any CPU
		{C98004CC-74AC-4653-A683-DAFC8D6729CC}.Debug|Any CPU.Build.0 = Debug|Any CPU
		{C98004CC-74AC-4653-A683-DAFC8D6729CC}.Release|Any CPU.ActiveCfg = Release|Any CPU
		{C98004CC-74AC-4653-A683-DAFC8D6729CC}.Release|Any CPU.Build.0 = Release|Any CPU
		{DDBAE5D4-8497-40E8-A094-1DB22DD67C9E}.Debug|Any CPU.ActiveCfg = Debug|Any CPU
		{DDBAE5D4-8497-40E8-A094-1DB22DD67C9E}.Debug|Any CPU.Build.0 = Debug|Any CPU
		{DDBAE5D4-8497-40E8-A094-1DB22DD67C9E}.Release|Any CPU.ActiveCfg = Release|Any CPU
		{DDBAE5D4-8497-40E8-A094-1DB22DD67C9E}.Release|Any CPU.Build.0 = Release|Any CPU
		{41612D93-531B-4C25-A958-354632740295}.Debug|Any CPU.ActiveCfg = Debug|Any CPU
		{41612D93-531B-4C25-A958-354632740295}.Debug|Any CPU.Build.0 = Debug|Any CPU
		{41612D93-531B-4C25-A958-354632740295}.Release|Any CPU.ActiveCfg = Release|Any CPU
		{41612D93-531B-4C25-A958-354632740295}.Release|Any CPU.Build.0 = Release|Any CPU
		{562159C3-4214-487F-9E30-4F06A4E8750E}.Debug|Any CPU.ActiveCfg = Debug|Any CPU
		{562159C3-4214-487F-9E30-4F06A4E8750E}.Debug|Any CPU.Build.0 = Debug|Any CPU
		{562159C3-4214-487F-9E30-4F06A4E8750E}.Release|Any CPU.ActiveCfg = Release|Any CPU
		{562159C3-4214-487F-9E30-4F06A4E8750E}.Release|Any CPU.Build.0 = Release|Any CPU
		{1CBBB56E-755F-49B9-91D8-796EF601C2E4}.Debug|Any CPU.ActiveCfg = Debug|Any CPU
		{1CBBB56E-755F-49B9-91D8-796EF601C2E4}.Debug|Any CPU.Build.0 = Debug|Any CPU
		{1CBBB56E-755F-49B9-91D8-796EF601C2E4}.Release|Any CPU.ActiveCfg = Release|Any CPU
		{1CBBB56E-755F-49B9-91D8-796EF601C2E4}.Release|Any CPU.Build.0 = Release|Any CPU
		{A49F3757-5201-45A2-857C-07E965DA1067}.Debug|Any CPU.ActiveCfg = Debug|Any CPU
		{A49F3757-5201-45A2-857C-07E965DA1067}.Debug|Any CPU.Build.0 = Debug|Any CPU
		{A49F3757-5201-45A2-857C-07E965DA1067}.Release|Any CPU.ActiveCfg = Release|Any CPU
		{A49F3757-5201-45A2-857C-07E965DA1067}.Release|Any CPU.Build.0 = Release|Any CPU
		{3E84D2B7-CC09-4E54-A8BF-849582765FDD}.Debug|Any CPU.ActiveCfg = Debug|Any CPU
		{3E84D2B7-CC09-4E54-A8BF-849582765FDD}.Debug|Any CPU.Build.0 = Debug|Any CPU
		{3E84D2B7-CC09-4E54-A8BF-849582765FDD}.Release|Any CPU.ActiveCfg = Release|Any CPU
		{3E84D2B7-CC09-4E54-A8BF-849582765FDD}.Release|Any CPU.Build.0 = Release|Any CPU
		{70E6AF67-7016-429F-BDB4-175BE4592908}.Debug|Any CPU.ActiveCfg = Debug|Any CPU
		{70E6AF67-7016-429F-BDB4-175BE4592908}.Debug|Any CPU.Build.0 = Debug|Any CPU
		{70E6AF67-7016-429F-BDB4-175BE4592908}.Release|Any CPU.ActiveCfg = Release|Any CPU
		{70E6AF67-7016-429F-BDB4-175BE4592908}.Release|Any CPU.Build.0 = Release|Any CPU
		{D147E2DE-4258-4A8E-8699-E87B80CBEC39}.Debug|Any CPU.ActiveCfg = Debug|Any CPU
		{D147E2DE-4258-4A8E-8699-E87B80CBEC39}.Debug|Any CPU.Build.0 = Debug|Any CPU
		{D147E2DE-4258-4A8E-8699-E87B80CBEC39}.Release|Any CPU.ActiveCfg = Release|Any CPU
		{D147E2DE-4258-4A8E-8699-E87B80CBEC39}.Release|Any CPU.Build.0 = Release|Any CPU
		{F1208AB4-12D3-42FF-8EAB-DC6FCAC64CB0}.Debug|Any CPU.ActiveCfg = Debug|Any CPU
		{F1208AB4-12D3-42FF-8EAB-DC6FCAC64CB0}.Debug|Any CPU.Build.0 = Debug|Any CPU
		{F1208AB4-12D3-42FF-8EAB-DC6FCAC64CB0}.Release|Any CPU.ActiveCfg = Release|Any CPU
		{F1208AB4-12D3-42FF-8EAB-DC6FCAC64CB0}.Release|Any CPU.Build.0 = Release|Any CPU
		{6B427A6D-6BD7-48C6-8679-65E83CF12490}.Debug|Any CPU.ActiveCfg = Debug|Any CPU
		{6B427A6D-6BD7-48C6-8679-65E83CF12490}.Debug|Any CPU.Build.0 = Debug|Any CPU
		{6B427A6D-6BD7-48C6-8679-65E83CF12490}.Release|Any CPU.ActiveCfg = Release|Any CPU
		{6B427A6D-6BD7-48C6-8679-65E83CF12490}.Release|Any CPU.Build.0 = Release|Any CPU
		{83F8718A-7935-4EFC-B24D-87F8BAF2E00F}.Debug|Any CPU.ActiveCfg = Debug|Any CPU
		{83F8718A-7935-4EFC-B24D-87F8BAF2E00F}.Debug|Any CPU.Build.0 = Debug|Any CPU
		{83F8718A-7935-4EFC-B24D-87F8BAF2E00F}.Release|Any CPU.ActiveCfg = Release|Any CPU
		{83F8718A-7935-4EFC-B24D-87F8BAF2E00F}.Release|Any CPU.Build.0 = Release|Any CPU
	EndGlobalSection
	GlobalSection(SolutionProperties) = preSolution
		HideSolutionNode = FALSE
	EndGlobalSection
	GlobalSection(NestedProjects) = preSolution
		{E94165C2-9BBF-4846-9A50-5E567BDEC07D} = {BA518A67-93AA-4C31-B538-7BEDC1CE3431}
		{5E36DE91-9117-48AC-BCFA-A1C002676A84} = {E94165C2-9BBF-4846-9A50-5E567BDEC07D}
		{9070DC93-8ADD-4E49-90DD-3EADDFAF3685} = {5EAC562D-3396-4497-A14E-ED0C26A9FE7C}
		{C98004CC-74AC-4653-A683-DAFC8D6729CC} = {58A7A548-560D-4606-94CC-3C3FFC0F1855}
		{A3B87055-CADB-4777-AA00-E37ED2A3B0FC} = {BA518A67-93AA-4C31-B538-7BEDC1CE3431}
		{DDBAE5D4-8497-40E8-A094-1DB22DD67C9E} = {A3B87055-CADB-4777-AA00-E37ED2A3B0FC}
		{B3BDFB70-C728-4E6D-ADBC-78D54DE6A009} = {BA518A67-93AA-4C31-B538-7BEDC1CE3431}
		{41612D93-531B-4C25-A958-354632740295} = {B3BDFB70-C728-4E6D-ADBC-78D54DE6A009}
		{9634507D-B6A5-490E-8131-27D2A53B7A05} = {BA518A67-93AA-4C31-B538-7BEDC1CE3431}
		{562159C3-4214-487F-9E30-4F06A4E8750E} = {9634507D-B6A5-490E-8131-27D2A53B7A05}
		{03788BC2-6BFC-43D0-98BD-23D380F2DDFF} = {BA518A67-93AA-4C31-B538-7BEDC1CE3431}
		{1CBBB56E-755F-49B9-91D8-796EF601C2E4} = {03788BC2-6BFC-43D0-98BD-23D380F2DDFF}
		{A49F3757-5201-45A2-857C-07E965DA1067} = {03788BC2-6BFC-43D0-98BD-23D380F2DDFF}
		{3E84D2B7-CC09-4E54-A8BF-849582765FDD} = {03788BC2-6BFC-43D0-98BD-23D380F2DDFF}
		{70E6AF67-7016-429F-BDB4-175BE4592908} = {03788BC2-6BFC-43D0-98BD-23D380F2DDFF}
		{D147E2DE-4258-4A8E-8699-E87B80CBEC39} = {03788BC2-6BFC-43D0-98BD-23D380F2DDFF}
		{83C113F0-974A-422B-8299-C2B962ADCF03} = {BA518A67-93AA-4C31-B538-7BEDC1CE3431}
		{F1208AB4-12D3-42FF-8EAB-DC6FCAC64CB0} = {83C113F0-974A-422B-8299-C2B962ADCF03}
		{6B427A6D-6BD7-48C6-8679-65E83CF12490} = {E24615E0-A273-4837-B80E-9D36C4CA337C}
		{4F2C0C87-1716-4621-9468-269E84A56FFB} = {B00A370D-9D97-4B33-B1EF-CB123C0C7297}
		{83F8718A-7935-4EFC-B24D-87F8BAF2E00F} = {4F2C0C87-1716-4621-9468-269E84A56FFB}
	EndGlobalSection
	GlobalSection(ExtensibilityGlobals) = postSolution
		SolutionGuid = {2E3427B6-8940-4787-9475-ECA06CA96FAC}
	EndGlobalSection
EndGlobal
